
Microsoft Visual Studio Solution File, Format Version 12.00
# Visual Studio 15
VisualStudioVersion = 15.0.26430.13
MinimumVisualStudioVersion = 10.0.40219.1
Project("{FAE04EC0-301F-11D3-BF4B-00C04F79EFBC}") = "Cygnus", "Cygnus\Cygnus.csproj", "{58283678-1A2B-4CE4-90FC-9E62E3D86141}"
EndProject
Project("{2150E333-8FDC-42A3-9474-1A3956D46DE8}") = "Solution Items", "Solution Items", "{E943E289-FC21-4E3E-8203-744A9669A99C}"
EndProject
Global
	GlobalSection(SolutionConfigurationPlatforms) = preSolution
		Debug|Any CPU = Debug|Any CPU
		Release|Any CPU = Release|Any CPU
	EndGlobalSection
	GlobalSection(ProjectConfigurationPlatforms) = postSolution
		{58283678-1A2B-4CE4-90FC-9E62E3D86141}.Debug|Any CPU.ActiveCfg = Debug|Any CPU
		{58283678-1A2B-4CE4-90FC-9E62E3D86141}.Debug|Any CPU.Build.0 = Debug|Any CPU
		{58283678-1A2B-4CE4-90FC-9E62E3D86141}.Release|Any CPU.ActiveCfg = Release|Any CPU
		{58283678-1A2B-4CE4-90FC-9E62E3D86141}.Release|Any CPU.Build.0 = Release|Any CPU
	EndGlobalSection
	GlobalSection(SolutionProperties) = preSolution
		HideSolutionNode = FALSE
	EndGlobalSection
EndGlobal
